
Microsoft Visual Studio Solution File, Format Version 12.00
# Visual Studio Version 16
VisualStudioVersion = 16.0.28729.10
MinimumVisualStudioVersion = 10.0.40219.1
Project("{9A19103F-16F7-4668-BE54-9A1E7A4F7556}") = "DataTables.Queryable", "DataTables.QueryableOld\DataTables.Queryable.csproj", "{7D17EC33-D083-47C4-8F92-AE63D89797F8}"
EndProject
Project("{9A19103F-16F7-4668-BE54-9A1E7A4F7556}") = "DataTables.Queryable.Samples", "DataTables.Queryable.SamplesOld\DataTables.Queryable.Samples.csproj", "{8CA16D9D-84A6-4694-B4A0-9296EFA5183C}"
EndProject
Global
	GlobalSection(SolutionConfigurationPlatforms) = preSolution
		Debug|Any CPU = Debug|Any CPU
		Release|Any CPU = Release|Any CPU
	EndGlobalSection
	GlobalSection(ProjectConfigurationPlatforms) = postSolution
		{7D17EC33-D083-47C4-8F92-AE63D89797F8}.Debug|Any CPU.ActiveCfg = Debug|Any CPU
		{7D17EC33-D083-47C4-8F92-AE63D89797F8}.Debug|Any CPU.Build.0 = Debug|Any CPU
		{7D17EC33-D083-47C4-8F92-AE63D89797F8}.Release|Any CPU.ActiveCfg = Release|Any CPU
		{7D17EC33-D083-47C4-8F92-AE63D89797F8}.Release|Any CPU.Build.0 = Release|Any CPU
		{8CA16D9D-84A6-4694-B4A0-9296EFA5183C}.Debug|Any CPU.ActiveCfg = Debug|Any CPU
		{8CA16D9D-84A6-4694-B4A0-9296EFA5183C}.Debug|Any CPU.Build.0 = Debug|Any CPU
		{8CA16D9D-84A6-4694-B4A0-9296EFA5183C}.Release|Any CPU.ActiveCfg = Release|Any CPU
		{8CA16D9D-84A6-4694-B4A0-9296EFA5183C}.Release|Any CPU.Build.0 = Release|Any CPU
	EndGlobalSection
	GlobalSection(SolutionProperties) = preSolution
		HideSolutionNode = FALSE
	EndGlobalSection
	GlobalSection(ExtensibilityGlobals) = postSolution
		SolutionGuid = {B5A9717D-A27C-4CAD-9277-2B08CC7FBD19}
	EndGlobalSection
EndGlobal
